
Microsoft Visual Studio Solution File, Format Version 12.00
# Visual Studio Version 16
VisualStudioVersion = 16.0.29926.136
MinimumVisualStudioVersion = 10.0.40219.1
Project("{FAE04EC0-301F-11D3-BF4B-00C04F79EFBC}") = "dotnetHAG", "dotnetHAG\dotnetHAG.csproj", "{1A190DA0-ADCD-4049-8787-3C3663C72227}"
EndProject
Project("{FAE04EC0-301F-11D3-BF4B-00C04F79EFBC}") = "dotnetHAG.tests", "dotnetHAG.tests\dotnetHAG.tests.csproj", "{E8DAD118-E4CF-4579-9D49-D94C95B8A75A}"
EndProject
Global
	GlobalSection(SolutionConfigurationPlatforms) = preSolution
		Debug|Any CPU = Debug|Any CPU
		Release|Any CPU = Release|Any CPU
	EndGlobalSection
	GlobalSection(ProjectConfigurationPlatforms) = postSolution
		{1A190DA0-ADCD-4049-8787-3C3663C72227}.Debug|Any CPU.ActiveCfg = Debug|Any CPU
		{1A190DA0-ADCD-4049-8787-3C3663C72227}.Debug|Any CPU.Build.0 = Debug|Any CPU
		{1A190DA0-ADCD-4049-8787-3C3663C72227}.Release|Any CPU.ActiveCfg = Release|Any CPU
		{1A190DA0-ADCD-4049-8787-3C3663C72227}.Release|Any CPU.Build.0 = Release|Any CPU
		{E8DAD118-E4CF-4579-9D49-D94C95B8A75A}.Debug|Any CPU.ActiveCfg = Debug|Any CPU
		{E8DAD118-E4CF-4579-9D49-D94C95B8A75A}.Debug|Any CPU.Build.0 = Debug|Any CPU
		{E8DAD118-E4CF-4579-9D49-D94C95B8A75A}.Release|Any CPU.ActiveCfg = Release|Any CPU
		{E8DAD118-E4CF-4579-9D49-D94C95B8A75A}.Release|Any CPU.Build.0 = Release|Any CPU
	EndGlobalSection
	GlobalSection(SolutionProperties) = preSolution
		HideSolutionNode = FALSE
	EndGlobalSection
	GlobalSection(ExtensibilityGlobals) = postSolution
		SolutionGuid = {AE820092-401A-43DD-BEB9-5837EDEB06B5}
	EndGlobalSection
EndGlobal
